
Microsoft Visual Studio Solution File, Format Version 12.00
# Visual Studio Version 17
VisualStudioVersion = 17.3.32929.385
MinimumVisualStudioVersion = 10.0.40219.1
Project("{FAE04EC0-301F-11D3-BF4B-00C04F79EFBC}") = "EventManagementSystem", "EventManagementSystem\EventManagementSystem.csproj", "{A2971097-A1C0-4FD1-B090-64AB0C949946}"
EndProject
Global
	GlobalSection(SolutionConfigurationPlatforms) = preSolution
		Debug|Any CPU = Debug|Any CPU
		Release|Any CPU = Release|Any CPU
	EndGlobalSection
	GlobalSection(ProjectConfigurationPlatforms) = postSolution
		{A2971097-A1C0-4FD1-B090-64AB0C949946}.Debug|Any CPU.ActiveCfg = Debug|Any CPU
		{A2971097-A1C0-4FD1-B090-64AB0C949946}.Debug|Any CPU.Build.0 = Debug|Any CPU
		{A2971097-A1C0-4FD1-B090-64AB0C949946}.Release|Any CPU.ActiveCfg = Release|Any CPU
		{A2971097-A1C0-4FD1-B090-64AB0C949946}.Release|Any CPU.Build.0 = Release|Any CPU
	EndGlobalSection
	GlobalSection(SolutionProperties) = preSolution
		HideSolutionNode = FALSE
	EndGlobalSection
	GlobalSection(ExtensibilityGlobals) = postSolution
		SolutionGuid = {F3BC8CE2-9CDF-4FD1-B3FC-D5771963FED4}
	EndGlobalSection
EndGlobal
